// !$*UTF8*$!
{
	archiveVersion = 1;
	classes = {
	};
	objectVersion = 77;
	objects = {

/* Begin PBXBuildFile section */
		4BC7CF5A2CCAA6EB0032E46D /* GoogleGenerativeAI in Frameworks */ = {isa = PBXBuildFile; productRef = 4BC7CF592CCAA6EB0032E46D /* GoogleGenerativeAI */; };
/* End PBXBuildFile section */

/* Begin PBXContainerItemProxy section */
		4B14EC932CBC3C1D00702D41 /* PBXContainerItemProxy */ = {
			isa = PBXContainerItemProxy;
			containerPortal = 4B14EC7A2CBC3C1B00702D41 /* Project object */;
			proxyType = 1;
			remoteGlobalIDString = 4B14EC812CBC3C1B00702D41;
			remoteInfo = "ai-city-tour-planner";
		};
		4B14EC9D2CBC3C1D00702D41 /* PBXContainerItemProxy */ = {
			isa = PBXContainerItemProxy;
			containerPortal = 4B14EC7A2CBC3C1B00702D41 /* Project object */;
			proxyType = 1;
			remoteGlobalIDString = 4B14EC812CBC3C1B00702D41;
			remoteInfo = "ai-city-tour-planner";
		};
/* End PBXContainerItemProxy section */

/* Begin PBXFileReference section */
		4B14EC822CBC3C1B00702D41 /* ai-city-tour-planner.app */ = {isa = PBXFileReference; explicitFileType = wrapper.application; includeInIndex = 0; path = "ai-city-tour-planner.app"; sourceTree = BUILT_PRODUCTS_DIR; };
		4B14EC922CBC3C1D00702D41 /* ai-city-tour-plannerTests.xctest */ = {isa = PBXFileReference; explicitFileType = wrapper.cfbundle; includeInIndex = 0; path = "ai-city-tour-plannerTests.xctest"; sourceTree = BUILT_PRODUCTS_DIR; };
		4B14EC9C2CBC3C1D00702D41 /* ai-city-tour-plannerUITests.xctest */ = {isa = PBXFileReference; explicitFileType = wrapper.cfbundle; includeInIndex = 0; path = "ai-city-tour-plannerUITests.xctest"; sourceTree = BUILT_PRODUCTS_DIR; };
/* End PBXFileReference section */

/* Begin PBXFileSystemSynchronizedRootGroup section */
		4B14EC842CBC3C1B00702D41 /* ai-city-tour-planner */ = {
			isa = PBXFileSystemSynchronizedRootGroup;
			path = "ai-city-tour-planner";
			sourceTree = "<group>";
		};
		4B14EC952CBC3C1D00702D41 /* ai-city-tour-plannerTests */ = {
			isa = PBXFileSystemSynchronizedRootGroup;
			path = "ai-city-tour-plannerTests";
			sourceTree = "<group>";
		};
		4B14EC9F2CBC3C1D00702D41 /* ai-city-tour-plannerUITests */ = {
			isa = PBXFileSystemSynchronizedRootGroup;
			path = "ai-city-tour-plannerUITests";
			sourceTree = "<group>";
		};
/* End PBXFileSystemSynchronizedRootGroup section */

/* Begin PBXFrameworksBuildPhase section */
		4B14EC7F2CBC3C1B00702D41 /* Frameworks */ = {
			isa = PBXFrameworksBuildPhase;
			buildActionMask = 2147483647;
			files = (
				4BC7CF5A2CCAA6EB0032E46D /* GoogleGenerativeAI in Frameworks */,
			);
			runOnlyForDeploymentPostprocessing = 0;
		};
		4B14EC8F2CBC3C1D00702D41 /* Frameworks */ = {
			isa = PBXFrameworksBuildPhase;
			buildActionMask = 2147483647;
			files = (
			);
			runOnlyForDeploymentPostprocessing = 0;
		};
		4B14EC992CBC3C1D00702D41 /* Frameworks */ = {
			isa = PBXFrameworksBuildPhase;
			buildActionMask = 2147483647;
			files = (
			);
			runOnlyForDeploymentPostprocessing = 0;
		};
/* End PBXFrameworksBuildPhase section */

/* Begin PBXGroup section */
		4B14EC792CBC3C1B00702D41 = {
			isa = PBXGroup;
			children = (
				4B14EC842CBC3C1B00702D41 /* ai-city-tour-planner */,
				4B14EC952CBC3C1D00702D41 /* ai-city-tour-plannerTests */,
				4B14EC9F2CBC3C1D00702D41 /* ai-city-tour-plannerUITests */,
				4B14EC832CBC3C1B00702D41 /* Products */,
			);
			sourceTree = "<group>";
		};
		4B14EC832CBC3C1B00702D41 /* Products */ = {
			isa = PBXGroup;
			children = (
				4B14EC822CBC3C1B00702D41 /* ai-city-tour-planner.app */,
				4B14EC922CBC3C1D00702D41 /* ai-city-tour-plannerTests.xctest */,
				4B14EC9C2CBC3C1D00702D41 /* ai-city-tour-plannerUITests.xctest */,
			);
			name = Products;
			sourceTree = "<group>";
		};
/* End PBXGroup section */

/* Begin PBXNativeTarget section */
		4B14EC812CBC3C1B00702D41 /* ai-city-tour-planner */ = {
			isa = PBXNativeTarget;
			buildConfigurationList = 4B14ECA62CBC3C1D00702D41 /* Build configuration list for PBXNativeTarget "ai-city-tour-planner" */;
			buildPhases = (
				4B14EC7E2CBC3C1B00702D41 /* Sources */,
				4B14EC7F2CBC3C1B00702D41 /* Frameworks */,
				4B14EC802CBC3C1B00702D41 /* Resources */,
			);
			buildRules = (
			);
			dependencies = (
			);
			fileSystemSynchronizedGroups = (
				4B14EC842CBC3C1B00702D41 /* ai-city-tour-planner */,
			);
			name = "ai-city-tour-planner";
			packageProductDependencies = (
				4BC7CF592CCAA6EB0032E46D /* GoogleGenerativeAI */,
			);
			productName = "ai-city-tour-planner";
			productReference = 4B14EC822CBC3C1B00702D41 /* ai-city-tour-planner.app */;
			productType = "com.apple.product-type.application";
		};
		4B14EC912CBC3C1D00702D41 /* ai-city-tour-plannerTests */ = {
			isa = PBXNativeTarget;
			buildConfigurationList = 4B14ECA92CBC3C1D00702D41 /* Build configuration list for PBXNativeTarget "ai-city-tour-plannerTests" */;
			buildPhases = (
				4B14EC8E2CBC3C1D00702D41 /* Sources */,
				4B14EC8F2CBC3C1D00702D41 /* Frameworks */,
				4B14EC902CBC3C1D00702D41 /* Resources */,
			);
			buildRules = (
			);
			dependencies = (
				4B14EC942CBC3C1D00702D41 /* PBXTargetDependency */,
			);
			fileSystemSynchronizedGroups = (
				4B14EC952CBC3C1D00702D41 /* ai-city-tour-plannerTests */,
			);
			name = "ai-city-tour-plannerTests";
			packageProductDependencies = (
			);
			productName = "ai-city-tour-plannerTests";
			productReference = 4B14EC922CBC3C1D00702D41 /* ai-city-tour-plannerTests.xctest */;
			productType = "com.apple.product-type.bundle.unit-test";
		};
		4B14EC9B2CBC3C1D00702D41 /* ai-city-tour-plannerUITests */ = {
			isa = PBXNativeTarget;
			buildConfigurationList = 4B14ECAC2CBC3C1D00702D41 /* Build configuration list for PBXNativeTarget "ai-city-tour-plannerUITests" */;
			buildPhases = (
				4B14EC982CBC3C1D00702D41 /* Sources */,
				4B14EC992CBC3C1D00702D41 /* Frameworks */,
				4B14EC9A2CBC3C1D00702D41 /* Resources */,
			);
			buildRules = (
			);
			dependencies = (
				4B14EC9E2CBC3C1D00702D41 /* PBXTargetDependency */,
			);
			fileSystemSynchronizedGroups = (
				4B14EC9F2CBC3C1D00702D41 /* ai-city-tour-plannerUITests */,
			);
			name = "ai-city-tour-plannerUITests";
			packageProductDependencies = (
			);
			productName = "ai-city-tour-plannerUITests";
			productReference = 4B14EC9C2CBC3C1D00702D41 /* ai-city-tour-plannerUITests.xctest */;
			productType = "com.apple.product-type.bundle.ui-testing";
		};
/* End PBXNativeTarget section */

/* Begin PBXProject section */
		4B14EC7A2CBC3C1B00702D41 /* Project object */ = {
			isa = PBXProject;
			attributes = {
				BuildIndependentTargetsInParallel = 1;
				LastSwiftUpdateCheck = 1600;
				LastUpgradeCheck = 1600;
				TargetAttributes = {
					4B14EC812CBC3C1B00702D41 = {
						CreatedOnToolsVersion = 16.0;
					};
					4B14EC912CBC3C1D00702D41 = {
						CreatedOnToolsVersion = 16.0;
						TestTargetID = 4B14EC812CBC3C1B00702D41;
					};
					4B14EC9B2CBC3C1D00702D41 = {
						CreatedOnToolsVersion = 16.0;
						TestTargetID = 4B14EC812CBC3C1B00702D41;
					};
				};
			};
			buildConfigurationList = 4B14EC7D2CBC3C1B00702D41 /* Build configuration list for PBXProject "ai-city-tour-planner" */;
			developmentRegion = en;
			hasScannedForEncodings = 0;
			knownRegions = (
				en,
				Base,
			);
			mainGroup = 4B14EC792CBC3C1B00702D41;
			minimizedProjectReferenceProxies = 1;
			packageReferences = (
				4BC7CF582CCAA6EB0032E46D /* XCRemoteSwiftPackageReference "generative-ai-swift" */,
			);
			preferredProjectObjectVersion = 77;
			productRefGroup = 4B14EC832CBC3C1B00702D41 /* Products */;
			projectDirPath = "";
			projectRoot = "";
			targets = (
				4B14EC812CBC3C1B00702D41 /* ai-city-tour-planner */,
				4B14EC912CBC3C1D00702D41 /* ai-city-tour-plannerTests */,
				4B14EC9B2CBC3C1D00702D41 /* ai-city-tour-plannerUITests */,
			);
		};
/* End PBXProject section */

/* Begin PBXResourcesBuildPhase section */
		4B14EC802CBC3C1B00702D41 /* Resources */ = {
			isa = PBXResourcesBuildPhase;
			buildActionMask = 2147483647;
			files = (
			);
			runOnlyForDeploymentPostprocessing = 0;
		};
		4B14EC902CBC3C1D00702D41 /* Resources */ = {
			isa = PBXResourcesBuildPhase;
			buildActionMask = 2147483647;
			files = (
			);
			runOnlyForDeploymentPostprocessing = 0;
		};
		4B14EC9A2CBC3C1D00702D41 /* Resources */ = {
			isa = PBXResourcesBuildPhase;
			buildActionMask = 2147483647;
			files = (
			);
			runOnlyForDeploymentPostprocessing = 0;
		};
/* End PBXResourcesBuildPhase section */

/* Begin PBXSourcesBuildPhase section */
		4B14EC7E2CBC3C1B00702D41 /* Sources */ = {
			isa = PBXSourcesBuildPhase;
			buildActionMask = 2147483647;
			files = (
			);
			runOnlyForDeploymentPostprocessing = 0;
		};
		4B14EC8E2CBC3C1D00702D41 /* Sources */ = {
			isa = PBXSourcesBuildPhase;
			buildActionMask = 2147483647;
			files = (
			);
			runOnlyForDeploymentPostprocessing = 0;
		};
		4B14EC982CBC3C1D00702D41 /* Sources */ = {
			isa = PBXSourcesBuildPhase;
			buildActionMask = 2147483647;
			files = (
			);
			runOnlyForDeploymentPostprocessing = 0;
		};
/* End PBXSourcesBuildPhase section */

/* Begin PBXTargetDependency section */
		4B14EC942CBC3C1D00702D41 /* PBXTargetDependency */ = {
			isa = PBXTargetDependency;
			target = 4B14EC812CBC3C1B00702D41 /* ai-city-tour-planner */;
			targetProxy = 4B14EC932CBC3C1D00702D41 /* PBXContainerItemProxy */;
		};
		4B14EC9E2CBC3C1D00702D41 /* PBXTargetDependency */ = {
			isa = PBXTargetDependency;
			target = 4B14EC812CBC3C1B00702D41 /* ai-city-tour-planner */;
			targetProxy = 4B14EC9D2CBC3C1D00702D41 /* PBXContainerItemProxy */;
		};
/* End PBXTargetDependency section */

/* Begin XCBuildConfiguration section */
		4B14ECA42CBC3C1D00702D41 /* Debug */ = {
			isa = XCBuildConfiguration;
			buildSettings = {
				ALWAYS_SEARCH_USER_PATHS = NO;
				ASSETCATALOG_COMPILER_GENERATE_SWIFT_ASSET_SYMBOL_EXTENSIONS = YES;
				CLANG_ANALYZER_NONNULL = YES;
				CLANG_ANALYZER_NUMBER_OBJECT_CONVERSION = YES_AGGRESSIVE;
				CLANG_CXX_LANGUAGE_STANDARD = "gnu++20";
				CLANG_ENABLE_MODULES = YES;
				CLANG_ENABLE_OBJC_ARC = YES;
				CLANG_ENABLE_OBJC_WEAK = YES;
				CLANG_WARN_BLOCK_CAPTURE_AUTORELEASING = YES;
				CLANG_WARN_BOOL_CONVERSION = YES;
				CLANG_WARN_COMMA = YES;
				CLANG_WARN_CONSTANT_CONVERSION = YES;
				CLANG_WARN_DEPRECATED_OBJC_IMPLEMENTATIONS = YES;
				CLANG_WARN_DIRECT_OBJC_ISA_USAGE = YES_ERROR;
				CLANG_WARN_DOCUMENTATION_COMMENTS = YES;
				CLANG_WARN_EMPTY_BODY = YES;
				CLANG_WARN_ENUM_CONVERSION = YES;
				CLANG_WARN_INFINITE_RECURSION = YES;
				CLANG_WARN_INT_CONVERSION = YES;
				CLANG_WARN_NON_LITERAL_NULL_CONVERSION = YES;
				CLANG_WARN_OBJC_IMPLICIT_RETAIN_SELF = YES;
				CLANG_WARN_OBJC_LITERAL_CONVERSION = YES;
				CLANG_WARN_OBJC_ROOT_CLASS = YES_ERROR;
				CLANG_WARN_QUOTED_INCLUDE_IN_FRAMEWORK_HEADER = YES;
				CLANG_WARN_RANGE_LOOP_ANALYSIS = YES;
				CLANG_WARN_STRICT_PROTOTYPES = YES;
				CLANG_WARN_SUSPICIOUS_MOVE = YES;
				CLANG_WARN_UNGUARDED_AVAILABILITY = YES_AGGRESSIVE;
				CLANG_WARN_UNREACHABLE_CODE = YES;
				CLANG_WARN__DUPLICATE_METHOD_MATCH = YES;
				COPY_PHASE_STRIP = NO;
				DEBUG_INFORMATION_FORMAT = dwarf;
				ENABLE_STRICT_OBJC_MSGSEND = YES;
				ENABLE_TESTABILITY = YES;
				ENABLE_USER_SCRIPT_SANDBOXING = YES;
				GCC_C_LANGUAGE_STANDARD = gnu17;
				GCC_DYNAMIC_NO_PIC = NO;
				GCC_NO_COMMON_BLOCKS = YES;
				GCC_OPTIMIZATION_LEVEL = 0;
				GCC_PREPROCESSOR_DEFINITIONS = (
					"DEBUG=1",
					"$(inherited)",
				);
				GCC_WARN_64_TO_32_BIT_CONVERSION = YES;
				GCC_WARN_ABOUT_RETURN_TYPE = YES_ERROR;
				GCC_WARN_UNDECLARED_SELECTOR = YES;
				GCC_WARN_UNINITIALIZED_AUTOS = YES_AGGRESSIVE;
				GCC_WARN_UNUSED_FUNCTION = YES;
				GCC_WARN_UNUSED_VARIABLE = YES;
				IPHONEOS_DEPLOYMENT_TARGET = 18.0;
				LOCALIZATION_PREFERS_STRING_CATALOGS = YES;
				MTL_ENABLE_DEBUG_INFO = INCLUDE_SOURCE;
				MTL_FAST_MATH = YES;
				ONLY_ACTIVE_ARCH = YES;
				SDKROOT = iphoneos;
				SWIFT_ACTIVE_COMPILATION_CONDITIONS = "DEBUG $(inherited)";
				SWIFT_OPTIMIZATION_LEVEL = "-Onone";
			};
			name = Debug;
		};
		4B14ECA52CBC3C1D00702D41 /* Release */ = {
			isa = XCBuildConfiguration;
			buildSettings = {
				ALWAYS_SEARCH_USER_PATHS = NO;
				ASSETCATALOG_COMPILER_GENERATE_SWIFT_ASSET_SYMBOL_EXTENSIONS = YES;
				CLANG_ANALYZER_NONNULL = YES;
				CLANG_ANALYZER_NUMBER_OBJECT_CONVERSION = YES_AGGRESSIVE;
				CLANG_CXX_LANGUAGE_STANDARD = "gnu++20";
				CLANG_ENABLE_MODULES = YES;
				CLANG_ENABLE_OBJC_ARC = YES;
				CLANG_ENABLE_OBJC_WEAK = YES;
				CLANG_WARN_BLOCK_CAPTURE_AUTORELEASING = YES;
				CLANG_WARN_BOOL_CONVERSION = YES;
				CLANG_WARN_COMMA = YES;
				CLANG_WARN_CONSTANT_CONVERSION = YES;
				CLANG_WARN_DEPRECATED_OBJC_IMPLEMENTATIONS = YES;
				CLANG_WARN_DIRECT_OBJC_ISA_USAGE = YES_ERROR;
				CLANG_WARN_DOCUMENTATION_COMMENTS = YES;
				CLANG_WARN_EMPTY_BODY = YES;
				CLANG_WARN_ENUM_CONVERSION = YES;
				CLANG_WARN_INFINITE_RECURSION = YES;
				CLANG_WARN_INT_CONVERSION = YES;
				CLANG_WARN_NON_LITERAL_NULL_CONVERSION = YES;
				CLANG_WARN_OBJC_IMPLICIT_RETAIN_SELF = YES;
				CLANG_WARN_OBJC_LITERAL_CONVERSION = YES;
				CLANG_WARN_OBJC_ROOT_CLASS = YES_ERROR;
				CLANG_WARN_QUOTED_INCLUDE_IN_FRAMEWORK_HEADER = YES;
				CLANG_WARN_RANGE_LOOP_ANALYSIS = YES;
				CLANG_WARN_STRICT_PROTOTYPES = YES;
				CLANG_WARN_SUSPICIOUS_MOVE = YES;
				CLANG_WARN_UNGUARDED_AVAILABILITY = YES_AGGRESSIVE;
				CLANG_WARN_UNREACHABLE_CODE = YES;
				CLANG_WARN__DUPLICATE_METHOD_MATCH = YES;
				COPY_PHASE_STRIP = NO;
				DEBUG_INFORMATION_FORMAT = "dwarf-with-dsym";
				ENABLE_NS_ASSERTIONS = NO;
				ENABLE_STRICT_OBJC_MSGSEND = YES;
				ENABLE_USER_SCRIPT_SANDBOXING = YES;
				GCC_C_LANGUAGE_STANDARD = gnu17;
				GCC_NO_COMMON_BLOCKS = YES;
				GCC_WARN_64_TO_32_BIT_CONVERSION = YES;
				GCC_WARN_ABOUT_RETURN_TYPE = YES_ERROR;
				GCC_WARN_UNDECLARED_SELECTOR = YES;
				GCC_WARN_UNINITIALIZED_AUTOS = YES_AGGRESSIVE;
				GCC_WARN_UNUSED_FUNCTION = YES;
				GCC_WARN_UNUSED_VARIABLE = YES;
				IPHONEOS_DEPLOYMENT_TARGET = 18.0;
				LOCALIZATION_PREFERS_STRING_CATALOGS = YES;
				MTL_ENABLE_DEBUG_INFO = NO;
				MTL_FAST_MATH = YES;
				SDKROOT = iphoneos;
				SWIFT_COMPILATION_MODE = wholemodule;
				VALIDATE_PRODUCT = YES;
			};
			name = Release;
		};
		4B14ECA72CBC3C1D00702D41 /* Debug */ = {
			isa = XCBuildConfiguration;
			buildSettings = {
				ASSETCATALOG_COMPILER_APPICON_NAME = AppIcon;
				ASSETCATALOG_COMPILER_GLOBAL_ACCENT_COLOR_NAME = AccentColor;
				CODE_SIGN_STYLE = Automatic;
				CURRENT_PROJECT_VERSION = 1;
				DEVELOPMENT_ASSET_PATHS = "\"ai-city-tour-planner/Preview Content\"";
				DEVELOPMENT_TEAM = 4BNJ3CAF38;
				ENABLE_PREVIEWS = YES;
				GENERATE_INFOPLIST_FILE = YES;
				INFOPLIST_KEY_LSApplicationCategoryType = "";
				INFOPLIST_KEY_NSLocationAlwaysUsageDescription = "This app requires access to your location to provide location-based services.";
				INFOPLIST_KEY_NSLocationWhenInUseUsageDescription = "This app requires access to your location to suggest nearby tours.";
				INFOPLIST_KEY_UIApplicationSceneManifest_Generation = YES;
				INFOPLIST_KEY_UIApplicationSupportsIndirectInputEvents = YES;
				INFOPLIST_KEY_UILaunchScreen_Generation = YES;
				INFOPLIST_KEY_UISupportedInterfaceOrientations_iPad = "UIInterfaceOrientationPortrait UIInterfaceOrientationPortraitUpsideDown UIInterfaceOrientationLandscapeLeft UIInterfaceOrientationLandscapeRight";
				INFOPLIST_KEY_UISupportedInterfaceOrientations_iPhone = "UIInterfaceOrientationPortrait UIInterfaceOrientationLandscapeLeft UIInterfaceOrientationLandscapeRight";
				LD_RUNPATH_SEARCH_PATHS = (
					"$(inherited)",
					"@executable_path/Frameworks",
				);
				MARKETING_VERSION = 1.0;
				PRODUCT_BUNDLE_IDENTIFIER = "pkid.ai-city-tour-planner";
				PRODUCT_NAME = "$(TARGET_NAME)";
				SWIFT_EMIT_LOC_STRINGS = YES;
				SWIFT_VERSION = 5.0;
				TARGETED_DEVICE_FAMILY = 1;
			};
			name = Debug;
		};
		4B14ECA82CBC3C1D00702D41 /* Release */ = {
			isa = XCBuildConfiguration;
			buildSettings = {
				ASSETCATALOG_COMPILER_APPICON_NAME = AppIcon;
				ASSETCATALOG_COMPILER_GLOBAL_ACCENT_COLOR_NAME = AccentColor;
				CODE_SIGN_STYLE = Automatic;
				CURRENT_PROJECT_VERSION = 1;
				DEVELOPMENT_ASSET_PATHS = "\"ai-city-tour-planner/Preview Content\"";
				DEVELOPMENT_TEAM = 4BNJ3CAF38;
				ENABLE_PREVIEWS = YES;
				GENERATE_INFOPLIST_FILE = YES;
				INFOPLIST_KEY_LSApplicationCategoryType = "";
				INFOPLIST_KEY_NSLocationAlwaysUsageDescription = "This app requires access to your location to provide location-based services.";
				INFOPLIST_KEY_NSLocationWhenInUseUsageDescription = "This app requires access to your location to suggest nearby tours.";
				INFOPLIST_KEY_UIApplicationSceneManifest_Generation = YES;
				INFOPLIST_KEY_UIApplicationSupportsIndirectInputEvents = YES;
				INFOPLIST_KEY_UILaunchScreen_Generation = YES;
				INFOPLIST_KEY_UISupportedInterfaceOrientations_iPad = "UIInterfaceOrientationPortrait UIInterfaceOrientationPortraitUpsideDown UIInterfaceOrientationLandscapeLeft UIInterfaceOrientationLandscapeRight";
				INFOPLIST_KEY_UISupportedInterfaceOrientations_iPhone = "UIInterfaceOrientationPortrait UIInterfaceOrientationLandscapeLeft UIInterfaceOrientationLandscapeRight";
				LD_RUNPATH_SEARCH_PATHS = (
					"$(inherited)",
					"@executable_path/Frameworks",
				);
				MARKETING_VERSION = 1.0;
				PRODUCT_BUNDLE_IDENTIFIER = "pkid.ai-city-tour-planner";
				PRODUCT_NAME = "$(TARGET_NAME)";
				SWIFT_EMIT_LOC_STRINGS = YES;
				SWIFT_VERSION = 5.0;
				TARGETED_DEVICE_FAMILY = 1;
			};
			name = Release;
		};
		4B14ECAA2CBC3C1D00702D41 /* Debug */ = {
			isa = XCBuildConfiguration;
			buildSettings = {
				BUNDLE_LOADER = "$(TEST_HOST)";
				CODE_SIGN_STYLE = Automatic;
				CURRENT_PROJECT_VERSION = 1;
				DEVELOPMENT_TEAM = 4BNJ3CAF38;
				GENERATE_INFOPLIST_FILE = YES;
				IPHONEOS_DEPLOYMENT_TARGET = 18.0;
				MARKETING_VERSION = 1.0;
				PRODUCT_BUNDLE_IDENTIFIER = "pkid.ai-city-tour-plannerTests";
				PRODUCT_NAME = "$(TARGET_NAME)";
				SWIFT_EMIT_LOC_STRINGS = NO;
				SWIFT_VERSION = 5.0;
				TARGETED_DEVICE_FAMILY = "1,2";
				TEST_HOST = "$(BUILT_PRODUCTS_DIR)/ai-city-tour-planner.app/$(BUNDLE_EXECUTABLE_FOLDER_PATH)/ai-city-tour-planner";
			};
			name = Debug;
		};
		4B14ECAB2CBC3C1D00702D41 /* Release */ = {
			isa = XCBuildConfiguration;
			buildSettings = {
				BUNDLE_LOADER = "$(TEST_HOST)";
				CODE_SIGN_STYLE = Automatic;
				CURRENT_PROJECT_VERSION = 1;
				DEVELOPMENT_TEAM = 4BNJ3CAF38;
				GENERATE_INFOPLIST_FILE = YES;
				IPHONEOS_DEPLOYMENT_TARGET = 18.0;
				MARKETING_VERSION = 1.0;
				PRODUCT_BUNDLE_IDENTIFIER = "pkid.ai-city-tour-plannerTests";
				PRODUCT_NAME = "$(TARGET_NAME)";
				SWIFT_EMIT_LOC_STRINGS = NO;
				SWIFT_VERSION = 5.0;
				TARGETED_DEVICE_FAMILY = "1,2";
				TEST_HOST = "$(BUILT_PRODUCTS_DIR)/ai-city-tour-planner.app/$(BUNDLE_EXECUTABLE_FOLDER_PATH)/ai-city-tour-planner";
			};
			name = Release;
		};
		4B14ECAD2CBC3C1D00702D41 /* Debug */ = {
			isa = XCBuildConfiguration;
			buildSettings = {
				CODE_SIGN_STYLE = Automatic;
				CURRENT_PROJECT_VERSION = 1;
				DEVELOPMENT_TEAM = 4BNJ3CAF38;
				GENERATE_INFOPLIST_FILE = YES;
				MARKETING_VERSION = 1.0;
				PRODUCT_BUNDLE_IDENTIFIER = "pkid.ai-city-tour-plannerUITests";
				PRODUCT_NAME = "$(TARGET_NAME)";
				SWIFT_EMIT_LOC_STRINGS = NO;
				SWIFT_VERSION = 5.0;
				TARGETED_DEVICE_FAMILY = "1,2";
				TEST_TARGET_NAME = "ai-city-tour-planner";
			};
			name = Debug;
		};
		4B14ECAE2CBC3C1D00702D41 /* Release */ = {
			isa = XCBuildConfiguration;
			buildSettings = {
				CODE_SIGN_STYLE = Automatic;
				CURRENT_PROJECT_VERSION = 1;
				DEVELOPMENT_TEAM = 4BNJ3CAF38;
				GENERATE_INFOPLIST_FILE = YES;
				MARKETING_VERSION = 1.0;
				PRODUCT_BUNDLE_IDENTIFIER = "pkid.ai-city-tour-plannerUITests";
				PRODUCT_NAME = "$(TARGET_NAME)";
				SWIFT_EMIT_LOC_STRINGS = NO;
				SWIFT_VERSION = 5.0;
				TARGETED_DEVICE_FAMILY = "1,2";
				TEST_TARGET_NAME = "ai-city-tour-planner";
			};
			name = Release;
		};
/* End XCBuildConfiguration section */

/* Begin XCConfigurationList section */
		4B14EC7D2CBC3C1B00702D41 /* Build configuration list for PBXProject "ai-city-tour-planner" */ = {
			isa = XCConfigurationList;
			buildConfigurations = (
				4B14ECA42CBC3C1D00702D41 /* Debug */,
				4B14ECA52CBC3C1D00702D41 /* Release */,
			);
			defaultConfigurationIsVisible = 0;
			defaultConfigurationName = Release;
		};
		4B14ECA62CBC3C1D00702D41 /* Build configuration list for PBXNativeTarget "ai-city-tour-planner" */ = {
			isa = XCConfigurationList;
			buildConfigurations = (
				4B14ECA72CBC3C1D00702D41 /* Debug */,
				4B14ECA82CBC3C1D00702D41 /* Release */,
			);
			defaultConfigurationIsVisible = 0;
			defaultConfigurationName = Release;
		};
		4B14ECA92CBC3C1D00702D41 /* Build configuration list for PBXNativeTarget "ai-city-tour-plannerTests" */ = {
			isa = XCConfigurationList;
			buildConfigurations = (
				4B14ECAA2CBC3C1D00702D41 /* Debug */,
				4B14ECAB2CBC3C1D00702D41 /* Release */,
			);
			defaultConfigurationIsVisible = 0;
			defaultConfigurationName = Release;
		};
		4B14ECAC2CBC3C1D00702D41 /* Build configuration list for PBXNativeTarget "ai-city-tour-plannerUITests" */ = {
			isa = XCConfigurationList;
			buildConfigurations = (
				4B14ECAD2CBC3C1D00702D41 /* Debug */,
				4B14ECAE2CBC3C1D00702D41 /* Release */,
			);
			defaultConfigurationIsVisible = 0;
			defaultConfigurationName = Release;
		};
/* End XCConfigurationList section */

/* Begin XCRemoteSwiftPackageReference section */
		4BC7CF582CCAA6EB0032E46D /* XCRemoteSwiftPackageReference "generative-ai-swift" */ = {
			isa = XCRemoteSwiftPackageReference;
			repositoryURL = "https://github.com/google/generative-ai-swift";
			requirement = {
				kind = upToNextMajorVersion;
				minimumVersion = 0.5.6;
			};
		};
/* End XCRemoteSwiftPackageReference section */

/* Begin XCSwiftPackageProductDependency section */
		4BC7CF592CCAA6EB0032E46D /* GoogleGenerativeAI */ = {
			isa = XCSwiftPackageProductDependency;
			package = 4BC7CF582CCAA6EB0032E46D /* XCRemoteSwiftPackageReference "generative-ai-swift" */;
			productName = GoogleGenerativeAI;
		};
/* End XCSwiftPackageProductDependency section */
	};
	rootObject = 4B14EC7A2CBC3C1B00702D41 /* Project object */;
}
